
Microsoft Visual Studio Solution File, Format Version 12.00
# Visual Studio Version 17
VisualStudioVersion = 17.13.35931.197 d17.13
MinimumVisualStudioVersion = 10.0.40219.1
Project("{FAE04EC0-301F-11D3-BF4B-00C04F79EFBC}") = "PO_WIZ_kod", "PO_WIZ_kod\PO_WIZ_kod.csproj", "{BBCFD73B-6022-4EA5-B249-816576EFC3D3}"
EndProject
Global
	GlobalSection(SolutionConfigurationPlatforms) = preSolution
		Debug|Any CPU = Debug|Any CPU
		Release|Any CPU = Release|Any CPU
	EndGlobalSection
	GlobalSection(ProjectConfigurationPlatforms) = postSolution
		{BBCFD73B-6022-4EA5-B249-816576EFC3D3}.Debug|Any CPU.ActiveCfg = Debug|Any CPU
		{BBCFD73B-6022-4EA5-B249-816576EFC3D3}.Debug|Any CPU.Build.0 = Debug|Any CPU
		{BBCFD73B-6022-4EA5-B249-816576EFC3D3}.Release|Any CPU.ActiveCfg = Release|Any CPU
		{BBCFD73B-6022-4EA5-B249-816576EFC3D3}.Release|Any CPU.Build.0 = Release|Any CPU
	EndGlobalSection
	GlobalSection(SolutionProperties) = preSolution
		HideSolutionNode = FALSE
	EndGlobalSection
	GlobalSection(ExtensibilityGlobals) = postSolution
		SolutionGuid = {5B5DB54B-5F9E-438D-B766-C8B03D2357B3}
	EndGlobalSection
EndGlobal
